
Microsoft Visual Studio Solution File, Format Version 12.00
# Visual Studio 15
VisualStudioVersion = 15.0.28010.2050
MinimumVisualStudioVersion = 10.0.40219.1
Project("{8BC9CEB8-8B4A-11D0-8D11-00A0C91BC942}") = "websock_client", "websock_client\websock_client.vcxproj", "{C6ECDA42-F4A1-42C3-AD55-D0B7B61A65BE}"
EndProject
Global
	GlobalSection(SolutionConfigurationPlatforms) = preSolution
		Debug|x64 = Debug|x64
		Debug|x86 = Debug|x86
		Release|x64 = Release|x64
		Release|x86 = Release|x86
	EndGlobalSection
	GlobalSection(ProjectConfigurationPlatforms) = postSolution
		{C6ECDA42-F4A1-42C3-AD55-D0B7B61A65BE}.Debug|x64.ActiveCfg = Debug|x64
		{C6ECDA42-F4A1-42C3-AD55-D0B7B61A65BE}.Debug|x64.Build.0 = Debug|x64
		{C6ECDA42-F4A1-42C3-AD55-D0B7B61A65BE}.Debug|x86.ActiveCfg = Debug|Win32
		{C6ECDA42-F4A1-42C3-AD55-D0B7B61A65BE}.Debug|x86.Build.0 = Debug|Win32
		{C6ECDA42-F4A1-42C3-AD55-D0B7B61A65BE}.Release|x64.ActiveCfg = Release|x64
		{C6ECDA42-F4A1-42C3-AD55-D0B7B61A65BE}.Release|x64.Build.0 = Release|x64
		{C6ECDA42-F4A1-42C3-AD55-D0B7B61A65BE}.Release|x86.ActiveCfg = Release|Win32
		{C6ECDA42-F4A1-42C3-AD55-D0B7B61A65BE}.Release|x86.Build.0 = Release|Win32
	EndGlobalSection
	GlobalSection(SolutionProperties) = preSolution
		HideSolutionNode = FALSE
	EndGlobalSection
	GlobalSection(ExtensibilityGlobals) = postSolution
		SolutionGuid = {166FB4C2-3103-4E61-8AFF-8B4CEDD005B0}
	EndGlobalSection
EndGlobal
